
Microsoft Visual Studio Solution File, Format Version 12.00
# Visual Studio 15
VisualStudioVersion = 15.0.28010.2003
MinimumVisualStudioVersion = 10.0.40219.1
Project("{FAE04EC0-301F-11D3-BF4B-00C04F79EFBC}") = "AspNetIdentity.WebApi", "AspNetIdentity.WebApi\AspNetIdentity.WebApi.csproj", "{361E41BB-16D8-4F03-8CD7-364815CDCBBD}"
EndProject
Project("{FAE04EC0-301F-11D3-BF4B-00C04F79EFBC}") = "AspNetIdentity.WebApi.Tests", "AspNetIdentity.WebApi.Tests\AspNetIdentity.WebApi.Tests.csproj", "{E04B6931-81AB-4128-8D67-648A386C1588}"
EndProject
Global
	GlobalSection(SolutionConfigurationPlatforms) = preSolution
		Debug|Any CPU = Debug|Any CPU
		Release|Any CPU = Release|Any CPU
	EndGlobalSection
	GlobalSection(ProjectConfigurationPlatforms) = postSolution
		{361E41BB-16D8-4F03-8CD7-364815CDCBBD}.Debug|Any CPU.ActiveCfg = Debug|Any CPU
		{361E41BB-16D8-4F03-8CD7-364815CDCBBD}.Debug|Any CPU.Build.0 = Debug|Any CPU
		{361E41BB-16D8-4F03-8CD7-364815CDCBBD}.Release|Any CPU.ActiveCfg = Release|Any CPU
		{361E41BB-16D8-4F03-8CD7-364815CDCBBD}.Release|Any CPU.Build.0 = Release|Any CPU
		{E04B6931-81AB-4128-8D67-648A386C1588}.Debug|Any CPU.ActiveCfg = Debug|Any CPU
		{E04B6931-81AB-4128-8D67-648A386C1588}.Debug|Any CPU.Build.0 = Debug|Any CPU
		{E04B6931-81AB-4128-8D67-648A386C1588}.Release|Any CPU.ActiveCfg = Release|Any CPU
		{E04B6931-81AB-4128-8D67-648A386C1588}.Release|Any CPU.Build.0 = Release|Any CPU
	EndGlobalSection
	GlobalSection(SolutionProperties) = preSolution
		HideSolutionNode = FALSE
	EndGlobalSection
	GlobalSection(ExtensibilityGlobals) = postSolution
		SolutionGuid = {3593958C-3556-4D70-A8F5-9FF3837007E4}
	EndGlobalSection
EndGlobal
